<?xml version="1.0" encoding="utf-8"?>
<Project ToolsVersion="4.0" xmlns="http://schemas.microsoft.com/developer/msbuild/2003">
  <ItemGroup>
    <ClCompile Include="..\..\..\c_controller.cpp" />
    <ClCompile Include="..\..\..\c_input.cpp" />
    <ClCompile Include="..\..\..\c_output.cpp" />
    <ClCompile Include="..\..\..\main.cpp" />
    <ClCompile Include="Platform Specific\c_encoder_win.cpp">
      <Filter>Platform Specific</Filter>
    </ClCompile>
    <ClCompile Include="Platform Specific\c_inputs_win.cpp">
      <Filter>Platform Specific</Filter>
    </ClCompile>
    <ClCompile Include="Platform Specific\c_core_win.cpp">
      <Filter>Platform Specific</Filter>
    </ClCompile>
    <ClCompile Include="Platform Specific\c_outputs_win.cpp">
      <Filter>Platform Specific</Filter>
    </ClCompile>
    <ClCompile Include="Platform Specific\c_serial_win.cpp">
      <Filter>Platform Specific</Filter>
    </ClCompile>
    <ClCompile Include="..\..\..\Serial\c_Serial.cpp">
      <Filter>Serial</Filter>
    </ClCompile>
    <ClCompile Include="..\..\..\c_configuration.cpp" />
    <ClCompile Include="..\..\..\c_enumerations.cpp" />
    <ClCompile Include="..\..\..\c_pid.cpp" />
  </ItemGroup>
  <ItemGroup>
    <ClInclude Include="..\..\..\c_controller.h" />
    <ClInclude Include="..\..\..\c_input.h" />
    <ClInclude Include="..\..\..\c_output.h" />
    <ClInclude Include="..\..\..\hardware_def.h" />
    <ClInclude Include="Platform Specific\c_encoder_win.h">
      <Filter>Platform Specific</Filter>
    </ClInclude>
    <ClInclude Include="Platform Specific\c_inputs_win.h">
      <Filter>Platform Specific</Filter>
    </ClInclude>
    <ClInclude Include="Platform Specific\c_core_win.h">
      <Filter>Platform Specific</Filter>
    </ClInclude>
    <ClInclude Include="Platform Specific\c_outputs_win.h">
      <Filter>Platform Specific</Filter>
    </ClInclude>
    <ClInclude Include="Platform Specific\c_serial_win.h">
      <Filter>Platform Specific</Filter>
    </ClInclude>
    <ClInclude Include="..\..\..\Serial\s_buffer.h">
      <Filter>Serial</Filter>
    </ClInclude>
    <ClInclude Include="..\..\..\Serial\c_Serial.h">
      <Filter>Serial</Filter>
    </ClInclude>
    <ClInclude Include="..\..\..\communication_def.h" />
    <ClInclude Include="..\..\..\c_configuration.h" />
    <ClInclude Include="..\..\..\bit_manipulation.h" />
    <ClInclude Include="..\..\..\c_enumerations.h" />
    <ClInclude Include="..\..\..\c_pid.h" />
  </ItemGroup>
  <ItemGroup>
    <Filter Include="Platform Specific">
      <UniqueIdentifier>{bd5d0cde-6e7b-4c63-bf26-12deff857f38}</UniqueIdentifier>
    </Filter>
    <Filter Include="Serial">
      <UniqueIdentifier>{f6393046-8a2c-4946-94d2-90262e95b07b}</UniqueIdentifier>
    </Filter>
  </ItemGroup>
  <ItemGroup>
    <None Include="..\..\..\..\README.md" />
  </ItemGroup>
</Project>