<?xml version="1.0" encoding="utf-8"?>
<Project ToolsVersion="4.0" xmlns="http://schemas.microsoft.com/developer/msbuild/2003">
  <ItemGroup>
    <ClCompile Include="..\..\..\main.cpp" />
    <ClCompile Include="Platform Specific\c_encoder_win.cpp">
      <Filter>Platform Specific</Filter>
    </ClCompile>
    <ClCompile Include="Platform Specific\c_inputs_win.cpp">
      <Filter>Platform Specific</Filter>
    </ClCompile>
    <ClCompile Include="Platform Specific\c_core_win.cpp">
      <Filter>Platform Specific</Filter>
    </ClCompile>
    <ClCompile Include="Platform Specific\c_outputs_win.cpp">
      <Filter>Platform Specific</Filter>
    </ClCompile>
    <ClCompile Include="Platform Specific\c_serial_win.cpp">
      <Filter>Platform Specific</Filter>
    </ClCompile>
    <ClCompile Include="..\..\..\Serial\c_Serial.cpp">
      <Filter>Serial</Filter>
    </ClCompile>
    <ClCompile Include="..\..\..\closed loop\c_pid.cpp">
      <Filter>closed loop</Filter>
    </ClCompile>
    <ClCompile Include="..\..\..\closed loop\c_position.cpp">
      <Filter>closed loop</Filter>
    </ClCompile>
    <ClCompile Include="..\..\..\closed loop\c_velocity.cpp">
      <Filter>closed loop</Filter>
    </ClCompile>
    <ClCompile Include="..\..\..\core\c_configuration.cpp">
      <Filter>core</Filter>
    </ClCompile>
    <ClCompile Include="..\..\..\core\c_enumerations.cpp">
      <Filter>core</Filter>
    </ClCompile>
    <ClCompile Include="..\..\..\driver\c_controller.cpp">
      <Filter>driver</Filter>
    </ClCompile>
    <ClCompile Include="..\..\..\driver\c_input.cpp">
      <Filter>driver</Filter>
    </ClCompile>
    <ClCompile Include="..\..\..\driver\c_output.cpp">
      <Filter>driver</Filter>
    </ClCompile>
  </ItemGroup>
  <ItemGroup>
    <ClInclude Include="..\..\..\hardware_def.h" />
    <ClInclude Include="Platform Specific\c_encoder_win.h">
      <Filter>Platform Specific</Filter>
    </ClInclude>
    <ClInclude Include="Platform Specific\c_inputs_win.h">
      <Filter>Platform Specific</Filter>
    </ClInclude>
    <ClInclude Include="Platform Specific\c_core_win.h">
      <Filter>Platform Specific</Filter>
    </ClInclude>
    <ClInclude Include="Platform Specific\c_outputs_win.h">
      <Filter>Platform Specific</Filter>
    </ClInclude>
    <ClInclude Include="Platform Specific\c_serial_win.h">
      <Filter>Platform Specific</Filter>
    </ClInclude>
    <ClInclude Include="..\..\..\Serial\s_buffer.h">
      <Filter>Serial</Filter>
    </ClInclude>
    <ClInclude Include="..\..\..\Serial\c_Serial.h">
      <Filter>Serial</Filter>
    </ClInclude>
    <ClInclude Include="..\..\..\communication_def.h" />
    <ClInclude Include="..\..\..\bit_manipulation.h" />
    <ClInclude Include="..\..\..\closed loop\c_pid.h">
      <Filter>closed loop</Filter>
    </ClInclude>
    <ClInclude Include="..\..\..\closed loop\c_position.h">
      <Filter>closed loop</Filter>
    </ClInclude>
    <ClInclude Include="..\..\..\closed loop\c_velocity.h">
      <Filter>closed loop</Filter>
    </ClInclude>
    <ClInclude Include="..\..\..\core\c_configuration.h">
      <Filter>core</Filter>
    </ClInclude>
    <ClInclude Include="..\..\..\core\c_enumerations.h">
      <Filter>core</Filter>
    </ClInclude>
    <ClInclude Include="..\..\..\driver\c_controller.h">
      <Filter>driver</Filter>
    </ClInclude>
    <ClInclude Include="..\..\..\driver\c_input.h">
      <Filter>driver</Filter>
    </ClInclude>
    <ClInclude Include="..\..\..\driver\c_output.h">
      <Filter>driver</Filter>
    </ClInclude>
    <ClInclude Include="..\..\..\driver\volatile_encoder_externs.h">
      <Filter>driver</Filter>
    </ClInclude>
    <ClInclude Include="..\..\..\driver\volatile_input_externs.h">
      <Filter>driver</Filter>
    </ClInclude>
  </ItemGroup>
  <ItemGroup>
    <Filter Include="Platform Specific">
      <UniqueIdentifier>{bd5d0cde-6e7b-4c63-bf26-12deff857f38}</UniqueIdentifier>
    </Filter>
    <Filter Include="Serial">
      <UniqueIdentifier>{f6393046-8a2c-4946-94d2-90262e95b07b}</UniqueIdentifier>
    </Filter>
    <Filter Include="closed loop">
      <UniqueIdentifier>{32dd4f82-240b-4095-8994-a39fbf12ba97}</UniqueIdentifier>
    </Filter>
    <Filter Include="core">
      <UniqueIdentifier>{af495210-2f56-462d-9922-2a2c25cd7eca}</UniqueIdentifier>
    </Filter>
    <Filter Include="driver">
      <UniqueIdentifier>{f346c4f4-bc19-4a80-8ca2-a430a88c83ff}</UniqueIdentifier>
    </Filter>
  </ItemGroup>
  <ItemGroup>
    <None Include="..\..\..\..\README.md" />
  </ItemGroup>
</Project>